
Microsoft Visual Studio Solution File, Format Version 12.00
# Visual Studio 2013
VisualStudioVersion = 12.0.31101.0
MinimumVisualStudioVersion = 10.0.40219.1
Project("{8BC9CEB8-8B4A-11D0-8D11-00A0C91BC942}") = "WoT_Launcher", "WoT_Launcher\WoT_Launcher.vcxproj", "{ED824ADC-48DC-40BE-91BD-BBE5EDA180DB}"
EndProject
Project("{8BC9CEB8-8B4A-11D0-8D11-00A0C91BC942}") = "WoT_Plus", "WoT_Plus\WoT_Plus.vcxproj", "{1E55666C-EDA4-4AB9-9371-CBAA6596D216}"
	ProjectSection(ProjectDependencies) = postProject
		{5F57A390-1710-4A03-BE19-124404845CBB} = {5F57A390-1710-4A03-BE19-124404845CBB}
	EndProjectSection
EndProject
Project("{8BC9CEB8-8B4A-11D0-8D11-00A0C91BC942}") = "Inj", "Inj\Inj.vcxproj", "{5F57A390-1710-4A03-BE19-124404845CBB}"
EndProject
Global
	GlobalSection(SolutionConfigurationPlatforms) = preSolution
		Debug|Win32 = Debug|Win32
		Release|Win32 = Release|Win32
	EndGlobalSection
	GlobalSection(ProjectConfigurationPlatforms) = postSolution
		{ED824ADC-48DC-40BE-91BD-BBE5EDA180DB}.Debug|Win32.ActiveCfg = Debug|Win32
		{ED824ADC-48DC-40BE-91BD-BBE5EDA180DB}.Debug|Win32.Build.0 = Debug|Win32
		{ED824ADC-48DC-40BE-91BD-BBE5EDA180DB}.Release|Win32.ActiveCfg = Release|Win32
		{ED824ADC-48DC-40BE-91BD-BBE5EDA180DB}.Release|Win32.Build.0 = Release|Win32
		{1E55666C-EDA4-4AB9-9371-CBAA6596D216}.Debug|Win32.ActiveCfg = Debug|Win32
		{1E55666C-EDA4-4AB9-9371-CBAA6596D216}.Debug|Win32.Build.0 = Debug|Win32
		{1E55666C-EDA4-4AB9-9371-CBAA6596D216}.Release|Win32.ActiveCfg = Release|Win32
		{1E55666C-EDA4-4AB9-9371-CBAA6596D216}.Release|Win32.Build.0 = Release|Win32
		{5F57A390-1710-4A03-BE19-124404845CBB}.Debug|Win32.ActiveCfg = Debug|Win32
		{5F57A390-1710-4A03-BE19-124404845CBB}.Debug|Win32.Build.0 = Debug|Win32
		{5F57A390-1710-4A03-BE19-124404845CBB}.Release|Win32.ActiveCfg = Release|Win32
		{5F57A390-1710-4A03-BE19-124404845CBB}.Release|Win32.Build.0 = Release|Win32
	EndGlobalSection
	GlobalSection(SolutionProperties) = preSolution
		HideSolutionNode = FALSE
	EndGlobalSection
EndGlobal
